// !$*UTF8*$!
{
	archiveVersion = 1;
	classes = {
	};
	objectVersion = 48;
	objects = {

/* Begin PBXBuildFile section */
		65688236203F4C1600FA30BB /* test.cpp in Sources */ = {isa = PBXBuildFile; fileRef = 65688234203F4C1600FA30BB /* test.cpp */; };
		65A97693203B9691007D8A26 /* Grids.cpp in Sources */ = {isa = PBXBuildFile; fileRef = 65A9768B203B9690007D8A26 /* Grids.cpp */; };
		65A97694203B9691007D8A26 /* graphics.cpp in Sources */ = {isa = PBXBuildFile; fileRef = 65A9768D203B9690007D8A26 /* graphics.cpp */; };
		65A97695203B9691007D8A26 /* Placement_Net.cpp in Sources */ = {isa = PBXBuildFile; fileRef = 65A9768F203B9690007D8A26 /* Placement_Net.cpp */; };
		65A97696203B9691007D8A26 /* Net.cpp in Sources */ = {isa = PBXBuildFile; fileRef = 65A97691203B9691007D8A26 /* Net.cpp */; };
		65A97698203B969D007D8A26 /* 583A3.cpp in Sources */ = {isa = PBXBuildFile; fileRef = 65A97697203B969D007D8A26 /* 583A3.cpp */; };
		65A9769E203BCE1C007D8A26 /* Edge.cpp in Sources */ = {isa = PBXBuildFile; fileRef = 65A9769C203BCE1C007D8A26 /* Edge.cpp */; };
/* End PBXBuildFile section */

/* Begin PBXCopyFilesBuildPhase section */
		65A9767E203B95A6007D8A26 /* CopyFiles */ = {
			isa = PBXCopyFilesBuildPhase;
			buildActionMask = 2147483647;
			dstPath = /usr/share/man/man1/;
			dstSubfolderSpec = 0;
			files = (
			);
			runOnlyForDeploymentPostprocessing = 1;
		};
/* End PBXCopyFilesBuildPhase section */

/* Begin PBXFileReference section */
		65688234203F4C1600FA30BB /* test.cpp */ = {isa = PBXFileReference; lastKnownFileType = sourcecode.cpp.cpp; path = test.cpp; sourceTree = "<group>"; };
		65688235203F4C1600FA30BB /* test.hpp */ = {isa = PBXFileReference; lastKnownFileType = sourcecode.cpp.h; path = test.hpp; sourceTree = "<group>"; };
		65A97680203B95A7007D8A26 /* 583A3 */ = {isa = PBXFileReference; explicitFileType = "compiled.mach-o.executable"; includeInIndex = 0; path = 583A3; sourceTree = BUILT_PRODUCTS_DIR; };
		65A9768A203B9690007D8A26 /* easygl_constants.h */ = {isa = PBXFileReference; fileEncoding = 4; lastKnownFileType = sourcecode.c.h; path = easygl_constants.h; sourceTree = "<group>"; };
		65A9768B203B9690007D8A26 /* Grids.cpp */ = {isa = PBXFileReference; fileEncoding = 4; lastKnownFileType = sourcecode.cpp.cpp; path = Grids.cpp; sourceTree = "<group>"; };
		65A9768C203B9690007D8A26 /* Grids.hpp */ = {isa = PBXFileReference; fileEncoding = 4; lastKnownFileType = sourcecode.cpp.h; path = Grids.hpp; sourceTree = "<group>"; };
		65A9768D203B9690007D8A26 /* graphics.cpp */ = {isa = PBXFileReference; fileEncoding = 4; lastKnownFileType = sourcecode.cpp.cpp; path = graphics.cpp; sourceTree = "<group>"; };
		65A9768E203B9690007D8A26 /* Net.hpp */ = {isa = PBXFileReference; fileEncoding = 4; lastKnownFileType = sourcecode.cpp.h; path = Net.hpp; sourceTree = "<group>"; };
		65A9768F203B9690007D8A26 /* Placement_Net.cpp */ = {isa = PBXFileReference; fileEncoding = 4; lastKnownFileType = sourcecode.cpp.cpp; path = Placement_Net.cpp; sourceTree = "<group>"; };
		65A97690203B9690007D8A26 /* Placement_Net.hpp */ = {isa = PBXFileReference; fileEncoding = 4; lastKnownFileType = sourcecode.cpp.h; path = Placement_Net.hpp; sourceTree = "<group>"; };
		65A97691203B9691007D8A26 /* Net.cpp */ = {isa = PBXFileReference; fileEncoding = 4; lastKnownFileType = sourcecode.cpp.cpp; path = Net.cpp; sourceTree = "<group>"; };
		65A97692203B9691007D8A26 /* graphics.h */ = {isa = PBXFileReference; fileEncoding = 4; lastKnownFileType = sourcecode.c.h; path = graphics.h; sourceTree = "<group>"; };
		65A97697203B969D007D8A26 /* 583A3.cpp */ = {isa = PBXFileReference; fileEncoding = 4; lastKnownFileType = sourcecode.cpp.cpp; path = 583A3.cpp; sourceTree = "<group>"; };
		65A9769C203BCE1C007D8A26 /* Edge.cpp */ = {isa = PBXFileReference; lastKnownFileType = sourcecode.cpp.cpp; path = Edge.cpp; sourceTree = "<group>"; };
		65A9769D203BCE1C007D8A26 /* Edge.hpp */ = {isa = PBXFileReference; lastKnownFileType = sourcecode.cpp.h; path = Edge.hpp; sourceTree = "<group>"; };
/* End PBXFileReference section */

/* Begin PBXFrameworksBuildPhase section */
		65A9767D203B95A6007D8A26 /* Frameworks */ = {
			isa = PBXFrameworksBuildPhase;
			buildActionMask = 2147483647;
			files = (
			);
			runOnlyForDeploymentPostprocessing = 0;
		};
/* End PBXFrameworksBuildPhase section */

/* Begin PBXGroup section */
		65A97677203B95A6007D8A26 = {
			isa = PBXGroup;
			children = (
				65A97682203B95A7007D8A26 /* 583A3 */,
				65A97681203B95A7007D8A26 /* Products */,
			);
			sourceTree = "<group>";
		};
		65A97681203B95A7007D8A26 /* Products */ = {
			isa = PBXGroup;
			children = (
				65A97680203B95A7007D8A26 /* 583A3 */,
			);
			name = Products;
			sourceTree = "<group>";
		};
		65A97682203B95A7007D8A26 /* 583A3 */ = {
			isa = PBXGroup;
			children = (
				65A97697203B969D007D8A26 /* 583A3.cpp */,
				65A9768F203B9690007D8A26 /* Placement_Net.cpp */,
				65A97690203B9690007D8A26 /* Placement_Net.hpp */,
				65A97691203B9691007D8A26 /* Net.cpp */,
				65A9768E203B9690007D8A26 /* Net.hpp */,
				65A9769C203BCE1C007D8A26 /* Edge.cpp */,
				65A9769D203BCE1C007D8A26 /* Edge.hpp */,
				65A9768B203B9690007D8A26 /* Grids.cpp */,
				65A9768C203B9690007D8A26 /* Grids.hpp */,
				65A9768D203B9690007D8A26 /* graphics.cpp */,
				65A97692203B9691007D8A26 /* graphics.h */,
				65A9768A203B9690007D8A26 /* easygl_constants.h */,
				65688234203F4C1600FA30BB /* test.cpp */,
				65688235203F4C1600FA30BB /* test.hpp */,
			);
			path = 583A3;
			sourceTree = "<group>";
		};
/* End PBXGroup section */

/* Begin PBXNativeTarget section */
		65A9767F203B95A6007D8A26 /* 583A3 */ = {
			isa = PBXNativeTarget;
			buildConfigurationList = 65A97687203B95A7007D8A26 /* Build configuration list for PBXNativeTarget "583A3" */;
			buildPhases = (
				65A9767C203B95A6007D8A26 /* Sources */,
				65A9767D203B95A6007D8A26 /* Frameworks */,
				65A9767E203B95A6007D8A26 /* CopyFiles */,
			);
			buildRules = (
			);
			dependencies = (
			);
			name = 583A3;
			productName = 583A3;
			productReference = 65A97680203B95A7007D8A26 /* 583A3 */;
			productType = "com.apple.product-type.tool";
		};
/* End PBXNativeTarget section */

/* Begin PBXProject section */
		65A97678203B95A6007D8A26 /* Project object */ = {
			isa = PBXProject;
			attributes = {
				LastUpgradeCheck = 0920;
				ORGANIZATIONNAME = "Peixu Ren";
				TargetAttributes = {
					65A9767F203B95A6007D8A26 = {
						CreatedOnToolsVersion = 9.2;
						ProvisioningStyle = Automatic;
					};
				};
			};
			buildConfigurationList = 65A9767B203B95A6007D8A26 /* Build configuration list for PBXProject "583A3" */;
			compatibilityVersion = "Xcode 8.0";
			developmentRegion = en;
			hasScannedForEncodings = 0;
			knownRegions = (
				en,
			);
			mainGroup = 65A97677203B95A6007D8A26;
			productRefGroup = 65A97681203B95A7007D8A26 /* Products */;
			projectDirPath = "";
			projectRoot = "";
			targets = (
				65A9767F203B95A6007D8A26 /* 583A3 */,
			);
		};
/* End PBXProject section */

/* Begin PBXSourcesBuildPhase section */
		65A9767C203B95A6007D8A26 /* Sources */ = {
			isa = PBXSourcesBuildPhase;
			buildActionMask = 2147483647;
			files = (
				65A9769E203BCE1C007D8A26 /* Edge.cpp in Sources */,
				65A97698203B969D007D8A26 /* 583A3.cpp in Sources */,
				65A97695203B9691007D8A26 /* Placement_Net.cpp in Sources */,
				65A97694203B9691007D8A26 /* graphics.cpp in Sources */,
				65A97693203B9691007D8A26 /* Grids.cpp in Sources */,
				65688236203F4C1600FA30BB /* test.cpp in Sources */,
				65A97696203B9691007D8A26 /* Net.cpp in Sources */,
			);
			runOnlyForDeploymentPostprocessing = 0;
		};
/* End PBXSourcesBuildPhase section */

/* Begin XCBuildConfiguration section */
		65A97685203B95A7007D8A26 /* Debug */ = {
			isa = XCBuildConfiguration;
			buildSettings = {
				ALWAYS_SEARCH_USER_PATHS = NO;
				CLANG_ANALYZER_NONNULL = YES;
				CLANG_ANALYZER_NUMBER_OBJECT_CONVERSION = YES_AGGRESSIVE;
				CLANG_CXX_LANGUAGE_STANDARD = "gnu++14";
				CLANG_CXX_LIBRARY = "libc++";
				CLANG_ENABLE_MODULES = YES;
				CLANG_ENABLE_OBJC_ARC = YES;
				CLANG_WARN_BLOCK_CAPTURE_AUTORELEASING = YES;
				CLANG_WARN_BOOL_CONVERSION = YES;
				CLANG_WARN_COMMA = YES;
				CLANG_WARN_CONSTANT_CONVERSION = YES;
				CLANG_WARN_DIRECT_OBJC_ISA_USAGE = YES_ERROR;
				CLANG_WARN_DOCUMENTATION_COMMENTS = YES;
				CLANG_WARN_EMPTY_BODY = YES;
				CLANG_WARN_ENUM_CONVERSION = YES;
				CLANG_WARN_INFINITE_RECURSION = YES;
				CLANG_WARN_INT_CONVERSION = YES;
				CLANG_WARN_NON_LITERAL_NULL_CONVERSION = YES;
				CLANG_WARN_OBJC_LITERAL_CONVERSION = YES;
				CLANG_WARN_OBJC_ROOT_CLASS = YES_ERROR;
				CLANG_WARN_RANGE_LOOP_ANALYSIS = YES;
				CLANG_WARN_STRICT_PROTOTYPES = YES;
				CLANG_WARN_SUSPICIOUS_MOVE = YES;
				CLANG_WARN_UNGUARDED_AVAILABILITY = YES_AGGRESSIVE;
				CLANG_WARN_UNREACHABLE_CODE = YES;
				CLANG_WARN__DUPLICATE_METHOD_MATCH = YES;
				CODE_SIGN_IDENTITY = "-";
				COPY_PHASE_STRIP = NO;
				DEBUG_INFORMATION_FORMAT = dwarf;
				ENABLE_STRICT_OBJC_MSGSEND = YES;
				ENABLE_TESTABILITY = YES;
				GCC_C_LANGUAGE_STANDARD = gnu11;
				GCC_DYNAMIC_NO_PIC = NO;
				GCC_NO_COMMON_BLOCKS = YES;
				GCC_OPTIMIZATION_LEVEL = 0;
				GCC_PREPROCESSOR_DEFINITIONS = (
					"DEBUG=1",
					"$(inherited)",
				);
				GCC_WARN_64_TO_32_BIT_CONVERSION = YES;
				GCC_WARN_ABOUT_RETURN_TYPE = YES_ERROR;
				GCC_WARN_UNDECLARED_SELECTOR = YES;
				GCC_WARN_UNINITIALIZED_AUTOS = YES_AGGRESSIVE;
				GCC_WARN_UNUSED_FUNCTION = YES;
				GCC_WARN_UNUSED_VARIABLE = YES;
				MACOSX_DEPLOYMENT_TARGET = 10.13;
				MTL_ENABLE_DEBUG_INFO = YES;
				ONLY_ACTIVE_ARCH = YES;
				SDKROOT = macosx;
			};
			name = Debug;
		};
		65A97686203B95A7007D8A26 /* Release */ = {
			isa = XCBuildConfiguration;
			buildSettings = {
				ALWAYS_SEARCH_USER_PATHS = NO;
				CLANG_ANALYZER_NONNULL = YES;
				CLANG_ANALYZER_NUMBER_OBJECT_CONVERSION = YES_AGGRESSIVE;
				CLANG_CXX_LANGUAGE_STANDARD = "gnu++14";
				CLANG_CXX_LIBRARY = "libc++";
				CLANG_ENABLE_MODULES = YES;
				CLANG_ENABLE_OBJC_ARC = YES;
				CLANG_WARN_BLOCK_CAPTURE_AUTORELEASING = YES;
				CLANG_WARN_BOOL_CONVERSION = YES;
				CLANG_WARN_COMMA = YES;
				CLANG_WARN_CONSTANT_CONVERSION = YES;
				CLANG_WARN_DIRECT_OBJC_ISA_USAGE = YES_ERROR;
				CLANG_WARN_DOCUMENTATION_COMMENTS = YES;
				CLANG_WARN_EMPTY_BODY = YES;
				CLANG_WARN_ENUM_CONVERSION = YES;
				CLANG_WARN_INFINITE_RECURSION = YES;
				CLANG_WARN_INT_CONVERSION = YES;
				CLANG_WARN_NON_LITERAL_NULL_CONVERSION = YES;
				CLANG_WARN_OBJC_LITERAL_CONVERSION = YES;
				CLANG_WARN_OBJC_ROOT_CLASS = YES_ERROR;
				CLANG_WARN_RANGE_LOOP_ANALYSIS = YES;
				CLANG_WARN_STRICT_PROTOTYPES = YES;
				CLANG_WARN_SUSPICIOUS_MOVE = YES;
				CLANG_WARN_UNGUARDED_AVAILABILITY = YES_AGGRESSIVE;
				CLANG_WARN_UNREACHABLE_CODE = YES;
				CLANG_WARN__DUPLICATE_METHOD_MATCH = YES;
				CODE_SIGN_IDENTITY = "-";
				COPY_PHASE_STRIP = NO;
				DEBUG_INFORMATION_FORMAT = "dwarf-with-dsym";
				ENABLE_NS_ASSERTIONS = NO;
				ENABLE_STRICT_OBJC_MSGSEND = YES;
				GCC_C_LANGUAGE_STANDARD = gnu11;
				GCC_NO_COMMON_BLOCKS = YES;
				GCC_WARN_64_TO_32_BIT_CONVERSION = YES;
				GCC_WARN_ABOUT_RETURN_TYPE = YES_ERROR;
				GCC_WARN_UNDECLARED_SELECTOR = YES;
				GCC_WARN_UNINITIALIZED_AUTOS = YES_AGGRESSIVE;
				GCC_WARN_UNUSED_FUNCTION = YES;
				GCC_WARN_UNUSED_VARIABLE = YES;
				MACOSX_DEPLOYMENT_TARGET = 10.13;
				MTL_ENABLE_DEBUG_INFO = NO;
				SDKROOT = macosx;
			};
			name = Release;
		};
		65A97688203B95A7007D8A26 /* Debug */ = {
			isa = XCBuildConfiguration;
			buildSettings = {
				CODE_SIGN_STYLE = Automatic;
				"HEADER_SEARCH_PATHS[arch=*]" = /opt/X11/include;
				"OTHER_LDFLAGS[arch=*]" = (
					"-g",
					"-Wall",
					"-DX11",
					"-I/opt/X11/include",
					"-L/opt/X11/lib",
					"-lX11",
				);
				PRODUCT_NAME = "$(TARGET_NAME)";
			};
			name = Debug;
		};
		65A97689203B95A7007D8A26 /* Release */ = {
			isa = XCBuildConfiguration;
			buildSettings = {
				CODE_SIGN_STYLE = Automatic;
				"HEADER_SEARCH_PATHS[arch=*]" = /opt/X11/include;
				"OTHER_LDFLAGS[arch=*]" = (
					"-g",
					"-Wall",
					"-DX11",
					"-I/opt/X11/include",
					"-L/opt/X11/lib",
					"-lX11",
				);
				PRODUCT_NAME = "$(TARGET_NAME)";
			};
			name = Release;
		};
/* End XCBuildConfiguration section */

/* Begin XCConfigurationList section */
		65A9767B203B95A6007D8A26 /* Build configuration list for PBXProject "583A3" */ = {
			isa = XCConfigurationList;
			buildConfigurations = (
				65A97685203B95A7007D8A26 /* Debug */,
				65A97686203B95A7007D8A26 /* Release */,
			);
			defaultConfigurationIsVisible = 0;
			defaultConfigurationName = Release;
		};
		65A97687203B95A7007D8A26 /* Build configuration list for PBXNativeTarget "583A3" */ = {
			isa = XCConfigurationList;
			buildConfigurations = (
				65A97688203B95A7007D8A26 /* Debug */,
				65A97689203B95A7007D8A26 /* Release */,
			);
			defaultConfigurationIsVisible = 0;
			defaultConfigurationName = Release;
		};
/* End XCConfigurationList section */
	};
	rootObject = 65A97678203B95A6007D8A26 /* Project object */;
}
